
Microsoft Visual Studio Solution File, Format Version 12.00
# Visual Studio 15
VisualStudioVersion = 15.0.28307.1209
MinimumVisualStudioVersion = 10.0.40219.1
Project("{8BC9CEB8-8B4A-11D0-8D11-00A0C91BC942}") = "QDIR", "QDIR.vcxproj", "{07D22470-2659-3AC9-9749-CC0F23F65C3C}"
EndProject
Global
	GlobalSection(SolutionConfigurationPlatforms) = preSolution
		Debug|x64 = Debug|x64
		Release|x64 = Release|x64
	EndGlobalSection
	GlobalSection(ProjectConfigurationPlatforms) = postSolution
		{07D22470-2659-3AC9-9749-CC0F23F65C3C}.Debug|x64.ActiveCfg = Debug|x64
		{07D22470-2659-3AC9-9749-CC0F23F65C3C}.Debug|x64.Build.0 = Debug|x64
		{07D22470-2659-3AC9-9749-CC0F23F65C3C}.Release|x64.ActiveCfg = Release|x64
		{07D22470-2659-3AC9-9749-CC0F23F65C3C}.Release|x64.Build.0 = Release|x64
	EndGlobalSection
	GlobalSection(SolutionProperties) = preSolution
		HideSolutionNode = FALSE
	EndGlobalSection
	GlobalSection(ExtensibilityGlobals) = postSolution
		SolutionGuid = {A1248312-AE8B-439D-A6A5-43C48541EB99}
	EndGlobalSection
EndGlobal
